// !$*UTF8*$!
{
	archiveVersion = 1;
	classes = {
	};
	objectVersion = 55;
	objects = {

/* Begin PBXBuildFile section */
		06DE4765EAFF0E7FF5A34AA8 /* Pods_FlickSearch.framework in Frameworks */ = {isa = PBXBuildFile; fileRef = ADDC0ED221CA6FC6A5C5B080 /* Pods_FlickSearch.framework */; };
		85FCB44BA2696122CDBA49C5 /* Pods_FlickSearchTests.framework in Frameworks */ = {isa = PBXBuildFile; fileRef = BB7103BAE701A418774720E3 /* Pods_FlickSearchTests.framework */; };
		DC1B13B1272769630061CFC5 /* SearchViewModel.swift in Sources */ = {isa = PBXBuildFile; fileRef = DC1B13B0272769630061CFC5 /* SearchViewModel.swift */; };
		DC1B13B3272769870061CFC5 /* SearchViewController.swift in Sources */ = {isa = PBXBuildFile; fileRef = DC1B13B2272769870061CFC5 /* SearchViewController.swift */; };
		DC1B13BD27276AC00061CFC5 /* Enums.swift in Sources */ = {isa = PBXBuildFile; fileRef = DC1B13B527276AC00061CFC5 /* Enums.swift */; };
		DC1B13BF27276AC00061CFC5 /* NetworkManager.swift in Sources */ = {isa = PBXBuildFile; fileRef = DC1B13B727276AC00061CFC5 /* NetworkManager.swift */; };
		DC1B13C127276AC00061CFC5 /* NetworkLogger.swift in Sources */ = {isa = PBXBuildFile; fileRef = DC1B13B927276AC00061CFC5 /* NetworkLogger.swift */; };
		DC1B13C227276AC00061CFC5 /* NetworkReachability.swift in Sources */ = {isa = PBXBuildFile; fileRef = DC1B13BA27276AC00061CFC5 /* NetworkReachability.swift */; };
		DC1B13C327276AC00061CFC5 /* EndPoint.swift in Sources */ = {isa = PBXBuildFile; fileRef = DC1B13BB27276AC00061CFC5 /* EndPoint.swift */; };
		DC1B13C727276B410061CFC5 /* UIViewController+Extensions.swift in Sources */ = {isa = PBXBuildFile; fileRef = DC1B13C627276B410061CFC5 /* UIViewController+Extensions.swift */; };
		DC1B13C927276B4E0061CFC5 /* UIView+Extensions.swift in Sources */ = {isa = PBXBuildFile; fileRef = DC1B13C827276B4E0061CFC5 /* UIView+Extensions.swift */; };
		DC1B13CC27276F510061CFC5 /* Environment.swift in Sources */ = {isa = PBXBuildFile; fileRef = DC1B13CB27276F510061CFC5 /* Environment.swift */; };
		DC1B13CE272774A60061CFC5 /* PhotoService.swift in Sources */ = {isa = PBXBuildFile; fileRef = DC1B13CD272774A60061CFC5 /* PhotoService.swift */; };
		DC1B13D1272777980061CFC5 /* SearchResult.swift in Sources */ = {isa = PBXBuildFile; fileRef = DC1B13D0272777980061CFC5 /* SearchResult.swift */; };
		DC1B13D3272777A10061CFC5 /* Photo.swift in Sources */ = {isa = PBXBuildFile; fileRef = DC1B13D2272777A10061CFC5 /* Photo.swift */; };
		DC1B13D527277D6C0061CFC5 /* ErrorResponse.swift in Sources */ = {isa = PBXBuildFile; fileRef = DC1B13D427277D6C0061CFC5 /* ErrorResponse.swift */; };
		DC1B13D8272785560061CFC5 /* SearchCell.swift in Sources */ = {isa = PBXBuildFile; fileRef = DC1B13D6272785560061CFC5 /* SearchCell.swift */; };
		DC1B13D9272785560061CFC5 /* SearchCell.xib in Resources */ = {isa = PBXBuildFile; fileRef = DC1B13D7272785560061CFC5 /* SearchCell.xib */; };
		DC1B13DB2727896D0061CFC5 /* UIView+AutoLayout.swift in Sources */ = {isa = PBXBuildFile; fileRef = DC1B13DA2727896D0061CFC5 /* UIView+AutoLayout.swift */; };
		DC1B13DD27278FA50061CFC5 /* PhotoItemViewModel.swift in Sources */ = {isa = PBXBuildFile; fileRef = DC1B13DC27278FA50061CFC5 /* PhotoItemViewModel.swift */; };
		DC6649E62727B1BC006A4F60 /* DataState.swift in Sources */ = {isa = PBXBuildFile; fileRef = DC6649E52727B1BC006A4F60 /* DataState.swift */; };
		DC6649E9272803AB006A4F60 /* PhotoDetailsViewController.swift in Sources */ = {isa = PBXBuildFile; fileRef = DC6649E7272803AB006A4F60 /* PhotoDetailsViewController.swift */; };
		DC6649EA272803AB006A4F60 /* PhotoDetailsViewController.xib in Resources */ = {isa = PBXBuildFile; fileRef = DC6649E8272803AB006A4F60 /* PhotoDetailsViewController.xib */; };
		DC6649EC27281FBF006A4F60 /* FlikerModelMock.json in Resources */ = {isa = PBXBuildFile; fileRef = DC6649EB27281FBF006A4F60 /* FlikerModelMock.json */; };
		DC6649EE27281FCE006A4F60 /* MockURLProtocol.swift in Sources */ = {isa = PBXBuildFile; fileRef = DC6649ED27281FCE006A4F60 /* MockURLProtocol.swift */; };
		DC6649F027281FF4006A4F60 /* XCTestCase+Extensions.swift in Sources */ = {isa = PBXBuildFile; fileRef = DC6649EF27281FF4006A4F60 /* XCTestCase+Extensions.swift */; };
		DC6649F2272821A1006A4F60 /* Utils.swift in Sources */ = {isa = PBXBuildFile; fileRef = DC6649F1272821A1006A4F60 /* Utils.swift */; };
		DC9D5EE5272EC1E70016835A /* CoreDataManager.swift in Sources */ = {isa = PBXBuildFile; fileRef = DC9D5EE4272EC1E70016835A /* CoreDataManager.swift */; };
		DCE946C3272760D700E84605 /* AppDelegate.swift in Sources */ = {isa = PBXBuildFile; fileRef = DCE946C2272760D700E84605 /* AppDelegate.swift */; };
		DCE946CD272760D700E84605 /* FlickSearch.xcdatamodeld in Sources */ = {isa = PBXBuildFile; fileRef = DCE946CB272760D700E84605 /* FlickSearch.xcdatamodeld */; };
		DCE946CF272760DA00E84605 /* Assets.xcassets in Resources */ = {isa = PBXBuildFile; fileRef = DCE946CE272760DA00E84605 /* Assets.xcassets */; };
		DCE946D2272760DA00E84605 /* LaunchScreen.storyboard in Resources */ = {isa = PBXBuildFile; fileRef = DCE946D0272760DA00E84605 /* LaunchScreen.storyboard */; };
		DCE946DD272760DA00E84605 /* FlickSearchTests.swift in Sources */ = {isa = PBXBuildFile; fileRef = DCE946DC272760DA00E84605 /* FlickSearchTests.swift */; };
/* End PBXBuildFile section */

/* Begin PBXContainerItemProxy section */
		DCE946D9272760DA00E84605 /* PBXContainerItemProxy */ = {
			isa = PBXContainerItemProxy;
			containerPortal = DCE946B7272760D700E84605 /* Project object */;
			proxyType = 1;
			remoteGlobalIDString = DCE946BE272760D700E84605;
			remoteInfo = FlickSearch;
		};
/* End PBXContainerItemProxy section */

/* Begin PBXFileReference section */
		389BB34D14865C51E4E4F06D /* Pods-FlickSearch.release.xcconfig */ = {isa = PBXFileReference; includeInIndex = 1; lastKnownFileType = text.xcconfig; name = "Pods-FlickSearch.release.xcconfig"; path = "Target Support Files/Pods-FlickSearch/Pods-FlickSearch.release.xcconfig"; sourceTree = "<group>"; };
		395FC49E360925A1423CBA7A /* Pods-FlickSearchTests.debug.xcconfig */ = {isa = PBXFileReference; includeInIndex = 1; lastKnownFileType = text.xcconfig; name = "Pods-FlickSearchTests.debug.xcconfig"; path = "Target Support Files/Pods-FlickSearchTests/Pods-FlickSearchTests.debug.xcconfig"; sourceTree = "<group>"; };
		A411C4261244CC67F309B27C /* Pods-FlickSearchTests.release.xcconfig */ = {isa = PBXFileReference; includeInIndex = 1; lastKnownFileType = text.xcconfig; name = "Pods-FlickSearchTests.release.xcconfig"; path = "Target Support Files/Pods-FlickSearchTests/Pods-FlickSearchTests.release.xcconfig"; sourceTree = "<group>"; };
		ADDC0ED221CA6FC6A5C5B080 /* Pods_FlickSearch.framework */ = {isa = PBXFileReference; explicitFileType = wrapper.framework; includeInIndex = 0; path = Pods_FlickSearch.framework; sourceTree = BUILT_PRODUCTS_DIR; };
		B104B817BE95A27DAE618415 /* Pods-FlickSearch.debug.xcconfig */ = {isa = PBXFileReference; includeInIndex = 1; lastKnownFileType = text.xcconfig; name = "Pods-FlickSearch.debug.xcconfig"; path = "Target Support Files/Pods-FlickSearch/Pods-FlickSearch.debug.xcconfig"; sourceTree = "<group>"; };
		BB7103BAE701A418774720E3 /* Pods_FlickSearchTests.framework */ = {isa = PBXFileReference; explicitFileType = wrapper.framework; includeInIndex = 0; path = Pods_FlickSearchTests.framework; sourceTree = BUILT_PRODUCTS_DIR; };
		DC1B13B0272769630061CFC5 /* SearchViewModel.swift */ = {isa = PBXFileReference; lastKnownFileType = sourcecode.swift; path = SearchViewModel.swift; sourceTree = "<group>"; };
		DC1B13B2272769870061CFC5 /* SearchViewController.swift */ = {isa = PBXFileReference; lastKnownFileType = sourcecode.swift; path = SearchViewController.swift; sourceTree = "<group>"; };
		DC1B13B527276AC00061CFC5 /* Enums.swift */ = {isa = PBXFileReference; fileEncoding = 4; lastKnownFileType = sourcecode.swift; path = Enums.swift; sourceTree = "<group>"; };
		DC1B13B727276AC00061CFC5 /* NetworkManager.swift */ = {isa = PBXFileReference; fileEncoding = 4; lastKnownFileType = sourcecode.swift; path = NetworkManager.swift; sourceTree = "<group>"; };
		DC1B13B927276AC00061CFC5 /* NetworkLogger.swift */ = {isa = PBXFileReference; fileEncoding = 4; lastKnownFileType = sourcecode.swift; path = NetworkLogger.swift; sourceTree = "<group>"; };
		DC1B13BA27276AC00061CFC5 /* NetworkReachability.swift */ = {isa = PBXFileReference; fileEncoding = 4; lastKnownFileType = sourcecode.swift; path = NetworkReachability.swift; sourceTree = "<group>"; };
		DC1B13BB27276AC00061CFC5 /* EndPoint.swift */ = {isa = PBXFileReference; fileEncoding = 4; lastKnownFileType = sourcecode.swift; path = EndPoint.swift; sourceTree = "<group>"; };
		DC1B13C627276B410061CFC5 /* UIViewController+Extensions.swift */ = {isa = PBXFileReference; lastKnownFileType = sourcecode.swift; path = "UIViewController+Extensions.swift"; sourceTree = "<group>"; };
		DC1B13C827276B4E0061CFC5 /* UIView+Extensions.swift */ = {isa = PBXFileReference; lastKnownFileType = sourcecode.swift; path = "UIView+Extensions.swift"; sourceTree = "<group>"; };
		DC1B13CB27276F510061CFC5 /* Environment.swift */ = {isa = PBXFileReference; fileEncoding = 4; lastKnownFileType = sourcecode.swift; path = Environment.swift; sourceTree = "<group>"; };
		DC1B13CD272774A60061CFC5 /* PhotoService.swift */ = {isa = PBXFileReference; lastKnownFileType = sourcecode.swift; path = PhotoService.swift; sourceTree = "<group>"; };
		DC1B13D0272777980061CFC5 /* SearchResult.swift */ = {isa = PBXFileReference; lastKnownFileType = sourcecode.swift; path = SearchResult.swift; sourceTree = "<group>"; };
		DC1B13D2272777A10061CFC5 /* Photo.swift */ = {isa = PBXFileReference; lastKnownFileType = sourcecode.swift; path = Photo.swift; sourceTree = "<group>"; };
		DC1B13D427277D6C0061CFC5 /* ErrorResponse.swift */ = {isa = PBXFileReference; lastKnownFileType = sourcecode.swift; path = ErrorResponse.swift; sourceTree = "<group>"; };
		DC1B13D6272785560061CFC5 /* SearchCell.swift */ = {isa = PBXFileReference; lastKnownFileType = sourcecode.swift; path = SearchCell.swift; sourceTree = "<group>"; };
		DC1B13D7272785560061CFC5 /* SearchCell.xib */ = {isa = PBXFileReference; lastKnownFileType = file.xib; path = SearchCell.xib; sourceTree = "<group>"; };
		DC1B13DA2727896D0061CFC5 /* UIView+AutoLayout.swift */ = {isa = PBXFileReference; fileEncoding = 4; lastKnownFileType = sourcecode.swift; path = "UIView+AutoLayout.swift"; sourceTree = "<group>"; };
		DC1B13DC27278FA50061CFC5 /* PhotoItemViewModel.swift */ = {isa = PBXFileReference; lastKnownFileType = sourcecode.swift; path = PhotoItemViewModel.swift; sourceTree = "<group>"; };
		DC6649E52727B1BC006A4F60 /* DataState.swift */ = {isa = PBXFileReference; lastKnownFileType = sourcecode.swift; path = DataState.swift; sourceTree = "<group>"; };
		DC6649E7272803AB006A4F60 /* PhotoDetailsViewController.swift */ = {isa = PBXFileReference; lastKnownFileType = sourcecode.swift; path = PhotoDetailsViewController.swift; sourceTree = "<group>"; };
		DC6649E8272803AB006A4F60 /* PhotoDetailsViewController.xib */ = {isa = PBXFileReference; lastKnownFileType = file.xib; path = PhotoDetailsViewController.xib; sourceTree = "<group>"; };
		DC6649EB27281FBF006A4F60 /* FlikerModelMock.json */ = {isa = PBXFileReference; fileEncoding = 4; lastKnownFileType = text.json; path = FlikerModelMock.json; sourceTree = "<group>"; };
		DC6649ED27281FCE006A4F60 /* MockURLProtocol.swift */ = {isa = PBXFileReference; fileEncoding = 4; lastKnownFileType = sourcecode.swift; path = MockURLProtocol.swift; sourceTree = "<group>"; };
		DC6649EF27281FF4006A4F60 /* XCTestCase+Extensions.swift */ = {isa = PBXFileReference; fileEncoding = 4; lastKnownFileType = sourcecode.swift; path = "XCTestCase+Extensions.swift"; sourceTree = "<group>"; };
		DC6649F1272821A1006A4F60 /* Utils.swift */ = {isa = PBXFileReference; lastKnownFileType = sourcecode.swift; path = Utils.swift; sourceTree = "<group>"; };
		DC9D5EE4272EC1E70016835A /* CoreDataManager.swift */ = {isa = PBXFileReference; lastKnownFileType = sourcecode.swift; path = CoreDataManager.swift; sourceTree = "<group>"; };
		DCE946BF272760D700E84605 /* FlickSearch.app */ = {isa = PBXFileReference; explicitFileType = wrapper.application; includeInIndex = 0; path = FlickSearch.app; sourceTree = BUILT_PRODUCTS_DIR; };
		DCE946C2272760D700E84605 /* AppDelegate.swift */ = {isa = PBXFileReference; lastKnownFileType = sourcecode.swift; path = AppDelegate.swift; sourceTree = "<group>"; };
		DCE946CC272760D700E84605 /* FlickSearch.xcdatamodel */ = {isa = PBXFileReference; lastKnownFileType = wrapper.xcdatamodel; path = FlickSearch.xcdatamodel; sourceTree = "<group>"; };
		DCE946CE272760DA00E84605 /* Assets.xcassets */ = {isa = PBXFileReference; lastKnownFileType = folder.assetcatalog; path = Assets.xcassets; sourceTree = "<group>"; };
		DCE946D1272760DA00E84605 /* Base */ = {isa = PBXFileReference; lastKnownFileType = file.storyboard; name = Base; path = Base.lproj/LaunchScreen.storyboard; sourceTree = "<group>"; };
		DCE946D3272760DA00E84605 /* Info.plist */ = {isa = PBXFileReference; lastKnownFileType = text.plist.xml; path = Info.plist; sourceTree = "<group>"; };
		DCE946D8272760DA00E84605 /* FlickSearchTests.xctest */ = {isa = PBXFileReference; explicitFileType = wrapper.cfbundle; includeInIndex = 0; path = FlickSearchTests.xctest; sourceTree = BUILT_PRODUCTS_DIR; };
		DCE946DC272760DA00E84605 /* FlickSearchTests.swift */ = {isa = PBXFileReference; lastKnownFileType = sourcecode.swift; path = FlickSearchTests.swift; sourceTree = "<group>"; };
/* End PBXFileReference section */

/* Begin PBXFrameworksBuildPhase section */
		DCE946BC272760D700E84605 /* Frameworks */ = {
			isa = PBXFrameworksBuildPhase;
			buildActionMask = 2147483647;
			files = (
				06DE4765EAFF0E7FF5A34AA8 /* Pods_FlickSearch.framework in Frameworks */,
			);
			runOnlyForDeploymentPostprocessing = 0;
		};
		DCE946D5272760DA00E84605 /* Frameworks */ = {
			isa = PBXFrameworksBuildPhase;
			buildActionMask = 2147483647;
			files = (
				85FCB44BA2696122CDBA49C5 /* Pods_FlickSearchTests.framework in Frameworks */,
			);
			runOnlyForDeploymentPostprocessing = 0;
		};
/* End PBXFrameworksBuildPhase section */

/* Begin PBXGroup section */
		069201AA30A2F6C30EC3EAA4 /* Pods */ = {
			isa = PBXGroup;
			children = (
				B104B817BE95A27DAE618415 /* Pods-FlickSearch.debug.xcconfig */,
				389BB34D14865C51E4E4F06D /* Pods-FlickSearch.release.xcconfig */,
				395FC49E360925A1423CBA7A /* Pods-FlickSearchTests.debug.xcconfig */,
				A411C4261244CC67F309B27C /* Pods-FlickSearchTests.release.xcconfig */,
			);
			path = Pods;
			sourceTree = "<group>";
		};
		10B656E68A5FAB3F8867C48C /* Frameworks */ = {
			isa = PBXGroup;
			children = (
				ADDC0ED221CA6FC6A5C5B080 /* Pods_FlickSearch.framework */,
				BB7103BAE701A418774720E3 /* Pods_FlickSearchTests.framework */,
			);
			name = Frameworks;
			sourceTree = "<group>";
		};
		DC1B13A7272768940061CFC5 /* Shared */ = {
			isa = PBXGroup;
			children = (
				DC1B13C527276B290061CFC5 /* Extensions */,
				DCE946D0272760DA00E84605 /* LaunchScreen.storyboard */,
				DCE946CE272760DA00E84605 /* Assets.xcassets */,
				DCE946CB272760D700E84605 /* FlickSearch.xcdatamodeld */,
				DC6649E52727B1BC006A4F60 /* DataState.swift */,
				DC6649F1272821A1006A4F60 /* Utils.swift */,
			);
			path = Shared;
			sourceTree = "<group>";
		};
		DC1B13A82727689E0061CFC5 /* Domain */ = {
			isa = PBXGroup;
			children = (
				DC1B13CF272777440061CFC5 /* Entities */,
			);
			path = Domain;
			sourceTree = "<group>";
		};
		DC1B13A9272768A90061CFC5 /* Data */ = {
			isa = PBXGroup;
			children = (
				DC1B13CD272774A60061CFC5 /* PhotoService.swift */,
			);
			path = Data;
			sourceTree = "<group>";
		};
		DC1B13AA272768C40061CFC5 /* Presentation */ = {
			isa = PBXGroup;
			children = (
				DC1B13AB272768DA0061CFC5 /* Search */,
			);
			path = Presentation;
			sourceTree = "<group>";
		};
		DC1B13AB272768DA0061CFC5 /* Search */ = {
			isa = PBXGroup;
			children = (
				DC1B13AE272768F40061CFC5 /* View */,
				DC1B13AD272768EC0061CFC5 /* ViewModel */,
			);
			path = Search;
			sourceTree = "<group>";
		};
		DC1B13AD272768EC0061CFC5 /* ViewModel */ = {
			isa = PBXGroup;
			children = (
				DC1B13B0272769630061CFC5 /* SearchViewModel.swift */,
				DC1B13DC27278FA50061CFC5 /* PhotoItemViewModel.swift */,
			);
			path = ViewModel;
			sourceTree = "<group>";
		};
		DC1B13AE272768F40061CFC5 /* View */ = {
			isa = PBXGroup;
			children = (
				DC1B13B2272769870061CFC5 /* SearchViewController.swift */,
				DC1B13D6272785560061CFC5 /* SearchCell.swift */,
				DC1B13D7272785560061CFC5 /* SearchCell.xib */,
				DC6649E7272803AB006A4F60 /* PhotoDetailsViewController.swift */,
				DC6649E8272803AB006A4F60 /* PhotoDetailsViewController.xib */,
			);
			path = View;
			sourceTree = "<group>";
		};
		DC1B13AF272769080061CFC5 /* Infrastructure */ = {
			isa = PBXGroup;
			children = (
				DC9D5EE3272EC1CB0016835A /* CoreData */,
				DC1B13B427276AC00061CFC5 /* Networking */,
			);
			path = Infrastructure;
			sourceTree = "<group>";
		};
		DC1B13B427276AC00061CFC5 /* Networking */ = {
			isa = PBXGroup;
			children = (
				DC1B13B527276AC00061CFC5 /* Enums.swift */,
				DC1B13B727276AC00061CFC5 /* NetworkManager.swift */,
				DC1B13B927276AC00061CFC5 /* NetworkLogger.swift */,
				DC1B13BA27276AC00061CFC5 /* NetworkReachability.swift */,
				DC1B13BB27276AC00061CFC5 /* EndPoint.swift */,
			);
			path = Networking;
			sourceTree = "<group>";
		};
		DC1B13C527276B290061CFC5 /* Extensions */ = {
			isa = PBXGroup;
			children = (
				DC1B13DA2727896D0061CFC5 /* UIView+AutoLayout.swift */,
				DC1B13C627276B410061CFC5 /* UIViewController+Extensions.swift */,
				DC1B13C827276B4E0061CFC5 /* UIView+Extensions.swift */,
			);
			path = Extensions;
			sourceTree = "<group>";
		};
		DC1B13CA27276D320061CFC5 /* Configuration */ = {
			isa = PBXGroup;
			children = (
				DC1B13CB27276F510061CFC5 /* Environment.swift */,
				DCE946C2272760D700E84605 /* AppDelegate.swift */,
				DCE946D3272760DA00E84605 /* Info.plist */,
			);
			path = Configuration;
			sourceTree = "<group>";
		};
		DC1B13CF272777440061CFC5 /* Entities */ = {
			isa = PBXGroup;
			children = (
				DC1B13D0272777980061CFC5 /* SearchResult.swift */,
				DC1B13D2272777A10061CFC5 /* Photo.swift */,
				DC1B13D427277D6C0061CFC5 /* ErrorResponse.swift */,
			);
			path = Entities;
			sourceTree = "<group>";
		};
		DC9D5EE3272EC1CB0016835A /* CoreData */ = {
			isa = PBXGroup;
			children = (
				DC9D5EE4272EC1E70016835A /* CoreDataManager.swift */,
			);
			path = CoreData;
			sourceTree = "<group>";
		};
		DCE946B6272760D700E84605 = {
			isa = PBXGroup;
			children = (
				DCE946C1272760D700E84605 /* FlickSearch */,
				DCE946DB272760DA00E84605 /* FlickSearchTests */,
				DCE946C0272760D700E84605 /* Products */,
				069201AA30A2F6C30EC3EAA4 /* Pods */,
				10B656E68A5FAB3F8867C48C /* Frameworks */,
			);
			sourceTree = "<group>";
		};
		DCE946C0272760D700E84605 /* Products */ = {
			isa = PBXGroup;
			children = (
				DCE946BF272760D700E84605 /* FlickSearch.app */,
				DCE946D8272760DA00E84605 /* FlickSearchTests.xctest */,
			);
			name = Products;
			sourceTree = "<group>";
		};
		DCE946C1272760D700E84605 /* FlickSearch */ = {
			isa = PBXGroup;
			children = (
				DC1B13CA27276D320061CFC5 /* Configuration */,
				DC1B13A9272768A90061CFC5 /* Data */,
				DC1B13A82727689E0061CFC5 /* Domain */,
				DC1B13AF272769080061CFC5 /* Infrastructure */,
				DC1B13AA272768C40061CFC5 /* Presentation */,
				DC1B13A7272768940061CFC5 /* Shared */,
			);
			path = FlickSearch;
			sourceTree = "<group>";
		};
		DCE946DB272760DA00E84605 /* FlickSearchTests */ = {
			isa = PBXGroup;
			children = (
				DC6649EB27281FBF006A4F60 /* FlikerModelMock.json */,
				DC6649ED27281FCE006A4F60 /* MockURLProtocol.swift */,
				DC6649EF27281FF4006A4F60 /* XCTestCase+Extensions.swift */,
				DCE946DC272760DA00E84605 /* FlickSearchTests.swift */,
			);
			path = FlickSearchTests;
			sourceTree = "<group>";
		};
/* End PBXGroup section */

/* Begin PBXNativeTarget section */
		DCE946BE272760D700E84605 /* FlickSearch */ = {
			isa = PBXNativeTarget;
			buildConfigurationList = DCE946EC272760DA00E84605 /* Build configuration list for PBXNativeTarget "FlickSearch" */;
			buildPhases = (
				BAD1F263804917986DC9ACFD /* [CP] Check Pods Manifest.lock */,
				DCE946BB272760D700E84605 /* Sources */,
				DCE946BC272760D700E84605 /* Frameworks */,
				DCE946BD272760D700E84605 /* Resources */,
				DB4C4762A46A9A2A2809A244 /* [CP] Embed Pods Frameworks */,
			);
			buildRules = (
			);
			dependencies = (
			);
			name = FlickSearch;
			productName = FlickSearch;
			productReference = DCE946BF272760D700E84605 /* FlickSearch.app */;
			productType = "com.apple.product-type.application";
		};
		DCE946D7272760DA00E84605 /* FlickSearchTests */ = {
			isa = PBXNativeTarget;
			buildConfigurationList = DCE946EF272760DA00E84605 /* Build configuration list for PBXNativeTarget "FlickSearchTests" */;
			buildPhases = (
				DB44143B3068CF6BEBBD992E /* [CP] Check Pods Manifest.lock */,
				DCE946D4272760DA00E84605 /* Sources */,
				DCE946D5272760DA00E84605 /* Frameworks */,
				DCE946D6272760DA00E84605 /* Resources */,
				15BF1578B02C38DCFE435F7E /* [CP] Embed Pods Frameworks */,
			);
			buildRules = (
			);
			dependencies = (
				DCE946DA272760DA00E84605 /* PBXTargetDependency */,
			);
			name = FlickSearchTests;
			productName = FlickSearchTests;
			productReference = DCE946D8272760DA00E84605 /* FlickSearchTests.xctest */;
			productType = "com.apple.product-type.bundle.unit-test";
		};
/* End PBXNativeTarget section */

/* Begin PBXProject section */
		DCE946B7272760D700E84605 /* Project object */ = {
			isa = PBXProject;
			attributes = {
				BuildIndependentTargetsInParallel = 1;
				LastSwiftUpdateCheck = 1300;
				LastUpgradeCheck = 1300;
				TargetAttributes = {
					DCE946BE272760D700E84605 = {
						CreatedOnToolsVersion = 13.0;
					};
					DCE946D7272760DA00E84605 = {
						CreatedOnToolsVersion = 13.0;
						TestTargetID = DCE946BE272760D700E84605;
					};
				};
			};
			buildConfigurationList = DCE946BA272760D700E84605 /* Build configuration list for PBXProject "FlickSearch" */;
			compatibilityVersion = "Xcode 13.0";
			developmentRegion = en;
			hasScannedForEncodings = 0;
			knownRegions = (
				en,
				Base,
			);
			mainGroup = DCE946B6272760D700E84605;
			productRefGroup = DCE946C0272760D700E84605 /* Products */;
			projectDirPath = "";
			projectRoot = "";
			targets = (
				DCE946BE272760D700E84605 /* FlickSearch */,
				DCE946D7272760DA00E84605 /* FlickSearchTests */,
			);
		};
/* End PBXProject section */

/* Begin PBXResourcesBuildPhase section */
		DCE946BD272760D700E84605 /* Resources */ = {
			isa = PBXResourcesBuildPhase;
			buildActionMask = 2147483647;
			files = (
				DC1B13D9272785560061CFC5 /* SearchCell.xib in Resources */,
				DCE946D2272760DA00E84605 /* LaunchScreen.storyboard in Resources */,
				DC6649EA272803AB006A4F60 /* PhotoDetailsViewController.xib in Resources */,
				DCE946CF272760DA00E84605 /* Assets.xcassets in Resources */,
			);
			runOnlyForDeploymentPostprocessing = 0;
		};
		DCE946D6272760DA00E84605 /* Resources */ = {
			isa = PBXResourcesBuildPhase;
			buildActionMask = 2147483647;
			files = (
				DC6649EC27281FBF006A4F60 /* FlikerModelMock.json in Resources */,
			);
			runOnlyForDeploymentPostprocessing = 0;
		};
/* End PBXResourcesBuildPhase section */

/* Begin PBXShellScriptBuildPhase section */
		15BF1578B02C38DCFE435F7E /* [CP] Embed Pods Frameworks */ = {
			isa = PBXShellScriptBuildPhase;
			buildActionMask = 2147483647;
			files = (
			);
			inputFileListPaths = (
				"${PODS_ROOT}/Target Support Files/Pods-FlickSearchTests/Pods-FlickSearchTests-frameworks-${CONFIGURATION}-input-files.xcfilelist",
			);
			name = "[CP] Embed Pods Frameworks";
			outputFileListPaths = (
				"${PODS_ROOT}/Target Support Files/Pods-FlickSearchTests/Pods-FlickSearchTests-frameworks-${CONFIGURATION}-output-files.xcfilelist",
			);
			runOnlyForDeploymentPostprocessing = 0;
			shellPath = /bin/sh;
			shellScript = "\"${PODS_ROOT}/Target Support Files/Pods-FlickSearchTests/Pods-FlickSearchTests-frameworks.sh\"\n";
			showEnvVarsInLog = 0;
		};
		BAD1F263804917986DC9ACFD /* [CP] Check Pods Manifest.lock */ = {
			isa = PBXShellScriptBuildPhase;
			buildActionMask = 2147483647;
			files = (
			);
			inputFileListPaths = (
			);
			inputPaths = (
				"${PODS_PODFILE_DIR_PATH}/Podfile.lock",
				"${PODS_ROOT}/Manifest.lock",
			);
			name = "[CP] Check Pods Manifest.lock";
			outputFileListPaths = (
			);
			outputPaths = (
				"$(DERIVED_FILE_DIR)/Pods-FlickSearch-checkManifestLockResult.txt",
			);
			runOnlyForDeploymentPostprocessing = 0;
			shellPath = /bin/sh;
			shellScript = "diff \"${PODS_PODFILE_DIR_PATH}/Podfile.lock\" \"${PODS_ROOT}/Manifest.lock\" > /dev/null\nif [ $? != 0 ] ; then\n    # print error to STDERR\n    echo \"error: The sandbox is not in sync with the Podfile.lock. Run 'pod install' or update your CocoaPods installation.\" >&2\n    exit 1\nfi\n# This output is used by Xcode 'outputs' to avoid re-running this script phase.\necho \"SUCCESS\" > \"${SCRIPT_OUTPUT_FILE_0}\"\n";
			showEnvVarsInLog = 0;
		};
		DB44143B3068CF6BEBBD992E /* [CP] Check Pods Manifest.lock */ = {
			isa = PBXShellScriptBuildPhase;
			buildActionMask = 2147483647;
			files = (
			);
			inputFileListPaths = (
			);
			inputPaths = (
				"${PODS_PODFILE_DIR_PATH}/Podfile.lock",
				"${PODS_ROOT}/Manifest.lock",
			);
			name = "[CP] Check Pods Manifest.lock";
			outputFileListPaths = (
			);
			outputPaths = (
				"$(DERIVED_FILE_DIR)/Pods-FlickSearchTests-checkManifestLockResult.txt",
			);
			runOnlyForDeploymentPostprocessing = 0;
			shellPath = /bin/sh;
			shellScript = "diff \"${PODS_PODFILE_DIR_PATH}/Podfile.lock\" \"${PODS_ROOT}/Manifest.lock\" > /dev/null\nif [ $? != 0 ] ; then\n    # print error to STDERR\n    echo \"error: The sandbox is not in sync with the Podfile.lock. Run 'pod install' or update your CocoaPods installation.\" >&2\n    exit 1\nfi\n# This output is used by Xcode 'outputs' to avoid re-running this script phase.\necho \"SUCCESS\" > \"${SCRIPT_OUTPUT_FILE_0}\"\n";
			showEnvVarsInLog = 0;
		};
		DB4C4762A46A9A2A2809A244 /* [CP] Embed Pods Frameworks */ = {
			isa = PBXShellScriptBuildPhase;
			buildActionMask = 2147483647;
			files = (
			);
			inputFileListPaths = (
				"${PODS_ROOT}/Target Support Files/Pods-FlickSearch/Pods-FlickSearch-frameworks-${CONFIGURATION}-input-files.xcfilelist",
			);
			name = "[CP] Embed Pods Frameworks";
			outputFileListPaths = (
				"${PODS_ROOT}/Target Support Files/Pods-FlickSearch/Pods-FlickSearch-frameworks-${CONFIGURATION}-output-files.xcfilelist",
			);
			runOnlyForDeploymentPostprocessing = 0;
			shellPath = /bin/sh;
			shellScript = "\"${PODS_ROOT}/Target Support Files/Pods-FlickSearch/Pods-FlickSearch-frameworks.sh\"\n";
			showEnvVarsInLog = 0;
		};
/* End PBXShellScriptBuildPhase section */

/* Begin PBXSourcesBuildPhase section */
		DCE946BB272760D700E84605 /* Sources */ = {
			isa = PBXSourcesBuildPhase;
			buildActionMask = 2147483647;
			files = (
				DCE946C3272760D700E84605 /* AppDelegate.swift in Sources */,
				DC1B13DD27278FA50061CFC5 /* PhotoItemViewModel.swift in Sources */,
				DC1B13DB2727896D0061CFC5 /* UIView+AutoLayout.swift in Sources */,
				DC1B13CC27276F510061CFC5 /* Environment.swift in Sources */,
				DC1B13B1272769630061CFC5 /* SearchViewModel.swift in Sources */,
				DC1B13C327276AC00061CFC5 /* EndPoint.swift in Sources */,
				DC1B13BF27276AC00061CFC5 /* NetworkManager.swift in Sources */,
				DC6649F2272821A1006A4F60 /* Utils.swift in Sources */,
				DC9D5EE5272EC1E70016835A /* CoreDataManager.swift in Sources */,
				DC1B13BD27276AC00061CFC5 /* Enums.swift in Sources */,
				DC1B13CE272774A60061CFC5 /* PhotoService.swift in Sources */,
				DC1B13D527277D6C0061CFC5 /* ErrorResponse.swift in Sources */,
				DC1B13C927276B4E0061CFC5 /* UIView+Extensions.swift in Sources */,
				DC1B13D1272777980061CFC5 /* SearchResult.swift in Sources */,
				DC1B13D3272777A10061CFC5 /* Photo.swift in Sources */,
				DC1B13C727276B410061CFC5 /* UIViewController+Extensions.swift in Sources */,
				DC6649E9272803AB006A4F60 /* PhotoDetailsViewController.swift in Sources */,
				DC1B13C127276AC00061CFC5 /* NetworkLogger.swift in Sources */,
				DC1B13B3272769870061CFC5 /* SearchViewController.swift in Sources */,
				DCE946CD272760D700E84605 /* FlickSearch.xcdatamodeld in Sources */,
				DC6649E62727B1BC006A4F60 /* DataState.swift in Sources */,
				DC1B13D8272785560061CFC5 /* SearchCell.swift in Sources */,
				DC1B13C227276AC00061CFC5 /* NetworkReachability.swift in Sources */,
			);
			runOnlyForDeploymentPostprocessing = 0;
		};
		DCE946D4272760DA00E84605 /* Sources */ = {
			isa = PBXSourcesBuildPhase;
			buildActionMask = 2147483647;
			files = (
				DCE946DD272760DA00E84605 /* FlickSearchTests.swift in Sources */,
				DC6649F027281FF4006A4F60 /* XCTestCase+Extensions.swift in Sources */,
				DC6649EE27281FCE006A4F60 /* MockURLProtocol.swift in Sources */,
			);
			runOnlyForDeploymentPostprocessing = 0;
		};
/* End PBXSourcesBuildPhase section */

/* Begin PBXTargetDependency section */
		DCE946DA272760DA00E84605 /* PBXTargetDependency */ = {
			isa = PBXTargetDependency;
			target = DCE946BE272760D700E84605 /* FlickSearch */;
			targetProxy = DCE946D9272760DA00E84605 /* PBXContainerItemProxy */;
		};
/* End PBXTargetDependency section */

/* Begin PBXVariantGroup section */
		DCE946D0272760DA00E84605 /* LaunchScreen.storyboard */ = {
			isa = PBXVariantGroup;
			children = (
				DCE946D1272760DA00E84605 /* Base */,
			);
			name = LaunchScreen.storyboard;
			sourceTree = "<group>";
		};
/* End PBXVariantGroup section */

/* Begin XCBuildConfiguration section */
		DCE946EA272760DA00E84605 /* Debug */ = {
			isa = XCBuildConfiguration;
			buildSettings = {
				ALWAYS_SEARCH_USER_PATHS = NO;
				CLANG_ANALYZER_NONNULL = YES;
				CLANG_ANALYZER_NUMBER_OBJECT_CONVERSION = YES_AGGRESSIVE;
				CLANG_CXX_LANGUAGE_STANDARD = "gnu++17";
				CLANG_CXX_LIBRARY = "libc++";
				CLANG_ENABLE_MODULES = YES;
				CLANG_ENABLE_OBJC_ARC = YES;
				CLANG_ENABLE_OBJC_WEAK = YES;
				CLANG_WARN_BLOCK_CAPTURE_AUTORELEASING = YES;
				CLANG_WARN_BOOL_CONVERSION = YES;
				CLANG_WARN_COMMA = YES;
				CLANG_WARN_CONSTANT_CONVERSION = YES;
				CLANG_WARN_DEPRECATED_OBJC_IMPLEMENTATIONS = YES;
				CLANG_WARN_DIRECT_OBJC_ISA_USAGE = YES_ERROR;
				CLANG_WARN_DOCUMENTATION_COMMENTS = YES;
				CLANG_WARN_EMPTY_BODY = YES;
				CLANG_WARN_ENUM_CONVERSION = YES;
				CLANG_WARN_INFINITE_RECURSION = YES;
				CLANG_WARN_INT_CONVERSION = YES;
				CLANG_WARN_NON_LITERAL_NULL_CONVERSION = YES;
				CLANG_WARN_OBJC_IMPLICIT_RETAIN_SELF = YES;
				CLANG_WARN_OBJC_LITERAL_CONVERSION = YES;
				CLANG_WARN_OBJC_ROOT_CLASS = YES_ERROR;
				CLANG_WARN_QUOTED_INCLUDE_IN_FRAMEWORK_HEADER = YES;
				CLANG_WARN_RANGE_LOOP_ANALYSIS = YES;
				CLANG_WARN_STRICT_PROTOTYPES = YES;
				CLANG_WARN_SUSPICIOUS_MOVE = YES;
				CLANG_WARN_UNGUARDED_AVAILABILITY = YES_AGGRESSIVE;
				CLANG_WARN_UNREACHABLE_CODE = YES;
				CLANG_WARN__DUPLICATE_METHOD_MATCH = YES;
				COPY_PHASE_STRIP = NO;
				DEBUG_INFORMATION_FORMAT = dwarf;
				ENABLE_STRICT_OBJC_MSGSEND = YES;
				ENABLE_TESTABILITY = YES;
				GCC_C_LANGUAGE_STANDARD = gnu11;
				GCC_DYNAMIC_NO_PIC = NO;
				GCC_NO_COMMON_BLOCKS = YES;
				GCC_OPTIMIZATION_LEVEL = 0;
				GCC_PREPROCESSOR_DEFINITIONS = (
					"DEBUG=1",
					"$(inherited)",
				);
				GCC_WARN_64_TO_32_BIT_CONVERSION = YES;
				GCC_WARN_ABOUT_RETURN_TYPE = YES_ERROR;
				GCC_WARN_UNDECLARED_SELECTOR = YES;
				GCC_WARN_UNINITIALIZED_AUTOS = YES_AGGRESSIVE;
				GCC_WARN_UNUSED_FUNCTION = YES;
				GCC_WARN_UNUSED_VARIABLE = YES;
				IPHONEOS_DEPLOYMENT_TARGET = 15.0;
				MTL_ENABLE_DEBUG_INFO = INCLUDE_SOURCE;
				MTL_FAST_MATH = YES;
				ONLY_ACTIVE_ARCH = YES;
				SDKROOT = iphoneos;
				SWIFT_ACTIVE_COMPILATION_CONDITIONS = DEBUG;
				SWIFT_OPTIMIZATION_LEVEL = "-Onone";
			};
			name = Debug;
		};
		DCE946EB272760DA00E84605 /* Release */ = {
			isa = XCBuildConfiguration;
			buildSettings = {
				ALWAYS_SEARCH_USER_PATHS = NO;
				CLANG_ANALYZER_NONNULL = YES;
				CLANG_ANALYZER_NUMBER_OBJECT_CONVERSION = YES_AGGRESSIVE;
				CLANG_CXX_LANGUAGE_STANDARD = "gnu++17";
				CLANG_CXX_LIBRARY = "libc++";
				CLANG_ENABLE_MODULES = YES;
				CLANG_ENABLE_OBJC_ARC = YES;
				CLANG_ENABLE_OBJC_WEAK = YES;
				CLANG_WARN_BLOCK_CAPTURE_AUTORELEASING = YES;
				CLANG_WARN_BOOL_CONVERSION = YES;
				CLANG_WARN_COMMA = YES;
				CLANG_WARN_CONSTANT_CONVERSION = YES;
				CLANG_WARN_DEPRECATED_OBJC_IMPLEMENTATIONS = YES;
				CLANG_WARN_DIRECT_OBJC_ISA_USAGE = YES_ERROR;
				CLANG_WARN_DOCUMENTATION_COMMENTS = YES;
				CLANG_WARN_EMPTY_BODY = YES;
				CLANG_WARN_ENUM_CONVERSION = YES;
				CLANG_WARN_INFINITE_RECURSION = YES;
				CLANG_WARN_INT_CONVERSION = YES;
				CLANG_WARN_NON_LITERAL_NULL_CONVERSION = YES;
				CLANG_WARN_OBJC_IMPLICIT_RETAIN_SELF = YES;
				CLANG_WARN_OBJC_LITERAL_CONVERSION = YES;
				CLANG_WARN_OBJC_ROOT_CLASS = YES_ERROR;
				CLANG_WARN_QUOTED_INCLUDE_IN_FRAMEWORK_HEADER = YES;
				CLANG_WARN_RANGE_LOOP_ANALYSIS = YES;
				CLANG_WARN_STRICT_PROTOTYPES = YES;
				CLANG_WARN_SUSPICIOUS_MOVE = YES;
				CLANG_WARN_UNGUARDED_AVAILABILITY = YES_AGGRESSIVE;
				CLANG_WARN_UNREACHABLE_CODE = YES;
				CLANG_WARN__DUPLICATE_METHOD_MATCH = YES;
				COPY_PHASE_STRIP = NO;
				DEBUG_INFORMATION_FORMAT = "dwarf-with-dsym";
				ENABLE_NS_ASSERTIONS = NO;
				ENABLE_STRICT_OBJC_MSGSEND = YES;
				GCC_C_LANGUAGE_STANDARD = gnu11;
				GCC_NO_COMMON_BLOCKS = YES;
				GCC_WARN_64_TO_32_BIT_CONVERSION = YES;
				GCC_WARN_ABOUT_RETURN_TYPE = YES_ERROR;
				GCC_WARN_UNDECLARED_SELECTOR = YES;
				GCC_WARN_UNINITIALIZED_AUTOS = YES_AGGRESSIVE;
				GCC_WARN_UNUSED_FUNCTION = YES;
				GCC_WARN_UNUSED_VARIABLE = YES;
				IPHONEOS_DEPLOYMENT_TARGET = 15.0;
				MTL_ENABLE_DEBUG_INFO = NO;
				MTL_FAST_MATH = YES;
				SDKROOT = iphoneos;
				SWIFT_COMPILATION_MODE = wholemodule;
				SWIFT_OPTIMIZATION_LEVEL = "-O";
				VALIDATE_PRODUCT = YES;
			};
			name = Release;
		};
		DCE946ED272760DA00E84605 /* Debug */ = {
			isa = XCBuildConfiguration;
			baseConfigurationReference = B104B817BE95A27DAE618415 /* Pods-FlickSearch.debug.xcconfig */;
			buildSettings = {
				ASSETCATALOG_COMPILER_APPICON_NAME = AppIcon;
				ASSETCATALOG_COMPILER_GLOBAL_ACCENT_COLOR_NAME = AccentColor;
				CODE_SIGN_STYLE = Automatic;
				CURRENT_PROJECT_VERSION = 1;
				DEVELOPMENT_TEAM = N455B9353D;
				GENERATE_INFOPLIST_FILE = YES;
				INFOPLIST_FILE = FlickSearch/Configuration/Info.plist;
				INFOPLIST_KEY_UIApplicationSupportsIndirectInputEvents = YES;
				INFOPLIST_KEY_UILaunchStoryboardName = LaunchScreen;
				INFOPLIST_KEY_UISupportedInterfaceOrientations = "UIInterfaceOrientationPortrait UIInterfaceOrientationLandscapeLeft UIInterfaceOrientationLandscapeRight";
				INFOPLIST_KEY_UISupportedInterfaceOrientations_iPad = "UIInterfaceOrientationPortrait UIInterfaceOrientationPortraitUpsideDown UIInterfaceOrientationLandscapeLeft UIInterfaceOrientationLandscapeRight";
				INFOPLIST_KEY_UISupportedInterfaceOrientations_iPhone = "UIInterfaceOrientationPortrait UIInterfaceOrientationLandscapeLeft UIInterfaceOrientationLandscapeRight";
				IPHONEOS_DEPLOYMENT_TARGET = 13.0;
				LD_RUNPATH_SEARCH_PATHS = (
					"$(inherited)",
					"@executable_path/Frameworks",
				);
				MARKETING_VERSION = 1.0;
				PRODUCT_BUNDLE_IDENTIFIER = com.binshakerr.FlickSearch;
				PRODUCT_NAME = "$(TARGET_NAME)";
				SWIFT_EMIT_LOC_STRINGS = YES;
				SWIFT_VERSION = 5.0;
				TARGETED_DEVICE_FAMILY = "1,2";
			};
			name = Debug;
		};
		DCE946EE272760DA00E84605 /* Release */ = {
			isa = XCBuildConfiguration;
			baseConfigurationReference = 389BB34D14865C51E4E4F06D /* Pods-FlickSearch.release.xcconfig */;
			buildSettings = {
				ASSETCATALOG_COMPILER_APPICON_NAME = AppIcon;
				ASSETCATALOG_COMPILER_GLOBAL_ACCENT_COLOR_NAME = AccentColor;
				CODE_SIGN_STYLE = Automatic;
				CURRENT_PROJECT_VERSION = 1;
				DEVELOPMENT_TEAM = N455B9353D;
				GENERATE_INFOPLIST_FILE = YES;
				INFOPLIST_FILE = FlickSearch/Configuration/Info.plist;
				INFOPLIST_KEY_UIApplicationSupportsIndirectInputEvents = YES;
				INFOPLIST_KEY_UILaunchStoryboardName = LaunchScreen;
				INFOPLIST_KEY_UISupportedInterfaceOrientations = "UIInterfaceOrientationPortrait UIInterfaceOrientationLandscapeLeft UIInterfaceOrientationLandscapeRight";
				INFOPLIST_KEY_UISupportedInterfaceOrientations_iPad = "UIInterfaceOrientationPortrait UIInterfaceOrientationPortraitUpsideDown UIInterfaceOrientationLandscapeLeft UIInterfaceOrientationLandscapeRight";
				INFOPLIST_KEY_UISupportedInterfaceOrientations_iPhone = "UIInterfaceOrientationPortrait UIInterfaceOrientationLandscapeLeft UIInterfaceOrientationLandscapeRight";
				IPHONEOS_DEPLOYMENT_TARGET = 13.0;
				LD_RUNPATH_SEARCH_PATHS = (
					"$(inherited)",
					"@executable_path/Frameworks",
				);
				MARKETING_VERSION = 1.0;
				PRODUCT_BUNDLE_IDENTIFIER = com.binshakerr.FlickSearch;
				PRODUCT_NAME = "$(TARGET_NAME)";
				SWIFT_EMIT_LOC_STRINGS = YES;
				SWIFT_VERSION = 5.0;
				TARGETED_DEVICE_FAMILY = "1,2";
			};
			name = Release;
		};
		DCE946F0272760DA00E84605 /* Debug */ = {
			isa = XCBuildConfiguration;
			baseConfigurationReference = 395FC49E360925A1423CBA7A /* Pods-FlickSearchTests.debug.xcconfig */;
			buildSettings = {
				ALWAYS_EMBED_SWIFT_STANDARD_LIBRARIES = YES;
				BUNDLE_LOADER = "$(TEST_HOST)";
				CODE_SIGN_STYLE = Automatic;
				CURRENT_PROJECT_VERSION = 1;
				DEVELOPMENT_TEAM = N455B9353D;
				GENERATE_INFOPLIST_FILE = YES;
				IPHONEOS_DEPLOYMENT_TARGET = 15.0;
				LD_RUNPATH_SEARCH_PATHS = (
					"$(inherited)",
					"@executable_path/Frameworks",
					"@loader_path/Frameworks",
				);
				MARKETING_VERSION = 1.0;
				PRODUCT_BUNDLE_IDENTIFIER = com.binshakerr.FlickSearchTests;
				PRODUCT_NAME = "$(TARGET_NAME)";
				SWIFT_EMIT_LOC_STRINGS = NO;
				SWIFT_VERSION = 5.0;
				TARGETED_DEVICE_FAMILY = "1,2";
				TEST_HOST = "$(BUILT_PRODUCTS_DIR)/FlickSearch.app/FlickSearch";
			};
			name = Debug;
		};
		DCE946F1272760DA00E84605 /* Release */ = {
			isa = XCBuildConfiguration;
			baseConfigurationReference = A411C4261244CC67F309B27C /* Pods-FlickSearchTests.release.xcconfig */;
			buildSettings = {
				ALWAYS_EMBED_SWIFT_STANDARD_LIBRARIES = YES;
				BUNDLE_LOADER = "$(TEST_HOST)";
				CODE_SIGN_STYLE = Automatic;
				CURRENT_PROJECT_VERSION = 1;
				DEVELOPMENT_TEAM = N455B9353D;
				GENERATE_INFOPLIST_FILE = YES;
				IPHONEOS_DEPLOYMENT_TARGET = 15.0;
				LD_RUNPATH_SEARCH_PATHS = (
					"$(inherited)",
					"@executable_path/Frameworks",
					"@loader_path/Frameworks",
				);
				MARKETING_VERSION = 1.0;
				PRODUCT_BUNDLE_IDENTIFIER = com.binshakerr.FlickSearchTests;
				PRODUCT_NAME = "$(TARGET_NAME)";
				SWIFT_EMIT_LOC_STRINGS = NO;
				SWIFT_VERSION = 5.0;
				TARGETED_DEVICE_FAMILY = "1,2";
				TEST_HOST = "$(BUILT_PRODUCTS_DIR)/FlickSearch.app/FlickSearch";
			};
			name = Release;
		};
/* End XCBuildConfiguration section */

/* Begin XCConfigurationList section */
		DCE946BA272760D700E84605 /* Build configuration list for PBXProject "FlickSearch" */ = {
			isa = XCConfigurationList;
			buildConfigurations = (
				DCE946EA272760DA00E84605 /* Debug */,
				DCE946EB272760DA00E84605 /* Release */,
			);
			defaultConfigurationIsVisible = 0;
			defaultConfigurationName = Release;
		};
		DCE946EC272760DA00E84605 /* Build configuration list for PBXNativeTarget "FlickSearch" */ = {
			isa = XCConfigurationList;
			buildConfigurations = (
				DCE946ED272760DA00E84605 /* Debug */,
				DCE946EE272760DA00E84605 /* Release */,
			);
			defaultConfigurationIsVisible = 0;
			defaultConfigurationName = Release;
		};
		DCE946EF272760DA00E84605 /* Build configuration list for PBXNativeTarget "FlickSearchTests" */ = {
			isa = XCConfigurationList;
			buildConfigurations = (
				DCE946F0272760DA00E84605 /* Debug */,
				DCE946F1272760DA00E84605 /* Release */,
			);
			defaultConfigurationIsVisible = 0;
			defaultConfigurationName = Release;
		};
/* End XCConfigurationList section */

/* Begin XCVersionGroup section */
		DCE946CB272760D700E84605 /* FlickSearch.xcdatamodeld */ = {
			isa = XCVersionGroup;
			children = (
				DCE946CC272760D700E84605 /* FlickSearch.xcdatamodel */,
			);
			currentVersion = DCE946CC272760D700E84605 /* FlickSearch.xcdatamodel */;
			path = FlickSearch.xcdatamodeld;
			sourceTree = "<group>";
			versionGroupType = wrapper.xcdatamodel;
		};
/* End XCVersionGroup section */
	};
	rootObject = DCE946B7272760D700E84605 /* Project object */;
}
